
Microsoft Visual Studio Solution File, Format Version 12.00
# Visual Studio 2013
VisualStudioVersion = 12.0.31101.0
MinimumVisualStudioVersion = 10.0.40219.1
Project("{FAE04EC0-301F-11D3-BF4B-00C04F79EFBC}") = "Operators", "Operators\Operators.csproj", "{E65DE605-DF87-4135-91B2-5DC9F834BD13}"
EndProject
Project("{FAE04EC0-301F-11D3-BF4B-00C04F79EFBC}") = "Providers(Objects)", "Providers\Objects\Providers(Objects).csproj", "{60152FE0-9807-4E7C-A1F8-677EC86B1203}"
EndProject
Global
	GlobalSection(SolutionConfigurationPlatforms) = preSolution
		Debug|Any CPU = Debug|Any CPU
		Release|Any CPU = Release|Any CPU
	EndGlobalSection
	GlobalSection(ProjectConfigurationPlatforms) = postSolution
		{E65DE605-DF87-4135-91B2-5DC9F834BD13}.Debug|Any CPU.ActiveCfg = Debug|Any CPU
		{E65DE605-DF87-4135-91B2-5DC9F834BD13}.Debug|Any CPU.Build.0 = Debug|Any CPU
		{E65DE605-DF87-4135-91B2-5DC9F834BD13}.Release|Any CPU.ActiveCfg = Release|Any CPU
		{E65DE605-DF87-4135-91B2-5DC9F834BD13}.Release|Any CPU.Build.0 = Release|Any CPU
		{60152FE0-9807-4E7C-A1F8-677EC86B1203}.Debug|Any CPU.ActiveCfg = Debug|Any CPU
		{60152FE0-9807-4E7C-A1F8-677EC86B1203}.Debug|Any CPU.Build.0 = Debug|Any CPU
		{60152FE0-9807-4E7C-A1F8-677EC86B1203}.Release|Any CPU.ActiveCfg = Release|Any CPU
		{60152FE0-9807-4E7C-A1F8-677EC86B1203}.Release|Any CPU.Build.0 = Release|Any CPU
	EndGlobalSection
	GlobalSection(SolutionProperties) = preSolution
		HideSolutionNode = FALSE
	EndGlobalSection
	GlobalSection(ExtensibilityGlobals) = postSolution
		EnterpriseLibraryConfigurationToolBinariesPath = packages\Unity.2.1.505.2\lib\NET35
	EndGlobalSection
EndGlobal
